{
  "name": "zeus-rpg-promptkit",
  "version": "0.1.0",
  "lockfileVersion": 3,
  "requires": true,
  "packages": {
    "": {
      "name": "zeus-rpg-promptkit",
      "version": "0.1.0",
      "license": "MIT",
      "bin": {
        "zeus": "cli/zeus.js"
      },
      "engines": {
        "node": ">=20"
      }
    }
  }
}
